
Microsoft Visual Studio Solution File, Format Version 12.00
# Visual Studio Version 17
VisualStudioVersion = 17.7.34024.191
MinimumVisualStudioVersion = 10.0.40219.1
Project("{FAE04EC0-301F-11D3-BF4B-00C04F79EFBC}") = "ReserveRoom", "ReserveRoom\ReserveRoom.csproj", "{0C4A5481-8225-4119-A046-2174FBA5D61E}"
EndProject
Global
	GlobalSection(SolutionConfigurationPlatforms) = preSolution
		Debug|Any CPU = Debug|Any CPU
		Release|Any CPU = Release|Any CPU
	EndGlobalSection
	GlobalSection(ProjectConfigurationPlatforms) = postSolution
		{0C4A5481-8225-4119-A046-2174FBA5D61E}.Debug|Any CPU.ActiveCfg = Debug|Any CPU
		{0C4A5481-8225-4119-A046-2174FBA5D61E}.Debug|Any CPU.Build.0 = Debug|Any CPU
		{0C4A5481-8225-4119-A046-2174FBA5D61E}.Release|Any CPU.ActiveCfg = Release|Any CPU
		{0C4A5481-8225-4119-A046-2174FBA5D61E}.Release|Any CPU.Build.0 = Release|Any CPU
	EndGlobalSection
	GlobalSection(SolutionProperties) = preSolution
		HideSolutionNode = FALSE
	EndGlobalSection
	GlobalSection(ExtensibilityGlobals) = postSolution
		SolutionGuid = {225755F3-21AE-4B11-A873-F60BB5171F6D}
	EndGlobalSection
EndGlobal
